
Microsoft Visual Studio Solution File, Format Version 12.00
# Visual Studio Version 16
VisualStudioVersion = 16.0.31702.278
MinimumVisualStudioVersion = 10.0.40219.1
Project("{9A19103F-16F7-4668-BE54-9A1E7A4F7556}") = "Targil0", "Targil0\Targil0.csproj", "{C2D94E0A-EE6C-40A5-A023-C6BF8A669EDF}"
EndProject
Project("{2150E333-8FDC-42A3-9474-1A3956D46DE8}") = "Solution Items", "Solution Items", "{9F00F339-E561-43B6-8CB4-C7BC291DCC41}"
	ProjectSection(SolutionItems) = preProject
		..\README.md = ..\README.md
	EndProjectSection
EndProject
Project("{9A19103F-16F7-4668-BE54-9A1E7A4F7556}") = "ConsoleUI", "ConsoleUI\ConsoleUI.csproj", "{13BF795C-ACFE-4CB4-8891-B79AB211BF4C}"
EndProject
Project("{9A19103F-16F7-4668-BE54-9A1E7A4F7556}") = "DAL", "DAL\DAL.csproj", "{971C519B-695E-4B35-B345-75E36E767A8A}"
EndProject
Project("{9A19103F-16F7-4668-BE54-9A1E7A4F7556}") = "BL", "BL\BL.csproj", "{C25BDA06-2637-48DB-928D-B538FED7557C}"
EndProject
Project("{9A19103F-16F7-4668-BE54-9A1E7A4F7556}") = "ConsoleUI_BL", "ConsoleUI_BL\ConsoleUI_BL.csproj", "{8A9FC2CA-892A-45E5-9D0B-9330D2D55D30}"
EndProject
Project("{FAE04EC0-301F-11D3-BF4B-00C04F79EFBC}") = "PL", "PL\PL.csproj", "{94740978-AD70-44CE-BA5D-79BE57A543EC}"
EndProject
Global
	GlobalSection(SolutionConfigurationPlatforms) = preSolution
		Debug|Any CPU = Debug|Any CPU
		Release|Any CPU = Release|Any CPU
	EndGlobalSection
	GlobalSection(ProjectConfigurationPlatforms) = postSolution
		{C2D94E0A-EE6C-40A5-A023-C6BF8A669EDF}.Debug|Any CPU.ActiveCfg = Debug|Any CPU
		{C2D94E0A-EE6C-40A5-A023-C6BF8A669EDF}.Debug|Any CPU.Build.0 = Debug|Any CPU
		{C2D94E0A-EE6C-40A5-A023-C6BF8A669EDF}.Release|Any CPU.ActiveCfg = Release|Any CPU
		{C2D94E0A-EE6C-40A5-A023-C6BF8A669EDF}.Release|Any CPU.Build.0 = Release|Any CPU
		{13BF795C-ACFE-4CB4-8891-B79AB211BF4C}.Debug|Any CPU.ActiveCfg = Debug|Any CPU
		{13BF795C-ACFE-4CB4-8891-B79AB211BF4C}.Debug|Any CPU.Build.0 = Debug|Any CPU
		{13BF795C-ACFE-4CB4-8891-B79AB211BF4C}.Release|Any CPU.ActiveCfg = Release|Any CPU
		{13BF795C-ACFE-4CB4-8891-B79AB211BF4C}.Release|Any CPU.Build.0 = Release|Any CPU
		{971C519B-695E-4B35-B345-75E36E767A8A}.Debug|Any CPU.ActiveCfg = Debug|Any CPU
		{971C519B-695E-4B35-B345-75E36E767A8A}.Debug|Any CPU.Build.0 = Debug|Any CPU
		{971C519B-695E-4B35-B345-75E36E767A8A}.Release|Any CPU.ActiveCfg = Release|Any CPU
		{971C519B-695E-4B35-B345-75E36E767A8A}.Release|Any CPU.Build.0 = Release|Any CPU
		{C25BDA06-2637-48DB-928D-B538FED7557C}.Debug|Any CPU.ActiveCfg = Debug|Any CPU
		{C25BDA06-2637-48DB-928D-B538FED7557C}.Debug|Any CPU.Build.0 = Debug|Any CPU
		{C25BDA06-2637-48DB-928D-B538FED7557C}.Release|Any CPU.ActiveCfg = Release|Any CPU
		{C25BDA06-2637-48DB-928D-B538FED7557C}.Release|Any CPU.Build.0 = Release|Any CPU
		{8A9FC2CA-892A-45E5-9D0B-9330D2D55D30}.Debug|Any CPU.ActiveCfg = Debug|Any CPU
		{8A9FC2CA-892A-45E5-9D0B-9330D2D55D30}.Debug|Any CPU.Build.0 = Debug|Any CPU
		{8A9FC2CA-892A-45E5-9D0B-9330D2D55D30}.Release|Any CPU.ActiveCfg = Release|Any CPU
		{8A9FC2CA-892A-45E5-9D0B-9330D2D55D30}.Release|Any CPU.Build.0 = Release|Any CPU
		{94740978-AD70-44CE-BA5D-79BE57A543EC}.Debug|Any CPU.ActiveCfg = Debug|Any CPU
		{94740978-AD70-44CE-BA5D-79BE57A543EC}.Debug|Any CPU.Build.0 = Debug|Any CPU
		{94740978-AD70-44CE-BA5D-79BE57A543EC}.Release|Any CPU.ActiveCfg = Release|Any CPU
		{94740978-AD70-44CE-BA5D-79BE57A543EC}.Release|Any CPU.Build.0 = Release|Any CPU
	EndGlobalSection
	GlobalSection(SolutionProperties) = preSolution
		HideSolutionNode = FALSE
	EndGlobalSection
	GlobalSection(NestedProjects) = preSolution
		{13BF795C-ACFE-4CB4-8891-B79AB211BF4C} = {9F00F339-E561-43B6-8CB4-C7BC291DCC41}
		{971C519B-695E-4B35-B345-75E36E767A8A} = {9F00F339-E561-43B6-8CB4-C7BC291DCC41}
		{C25BDA06-2637-48DB-928D-B538FED7557C} = {9F00F339-E561-43B6-8CB4-C7BC291DCC41}
		{8A9FC2CA-892A-45E5-9D0B-9330D2D55D30} = {9F00F339-E561-43B6-8CB4-C7BC291DCC41}
		{94740978-AD70-44CE-BA5D-79BE57A543EC} = {9F00F339-E561-43B6-8CB4-C7BC291DCC41}
	EndGlobalSection
	GlobalSection(ExtensibilityGlobals) = postSolution
		SolutionGuid = {144B6E73-E26D-4BAE-9F07-C478D22105F1}
	EndGlobalSection
EndGlobal
